
Microsoft Visual Studio Solution File, Format Version 12.00
# Visual Studio Version 16
VisualStudioVersion = 16.0.29001.49
MinimumVisualStudioVersion = 10.0.40219.1
Project("{FAE04EC0-301F-11D3-BF4B-00C04F79EFBC}") = "Session10.Configuration", "Session10.Configuration\Session10.Configuration.csproj", "{BEE7F368-4A75-42B2-9DE3-BCAEDB26E62A}"
EndProject
Global
	GlobalSection(SolutionConfigurationPlatforms) = preSolution
		Debug|Any CPU = Debug|Any CPU
		Release|Any CPU = Release|Any CPU
	EndGlobalSection
	GlobalSection(ProjectConfigurationPlatforms) = postSolution
		{BEE7F368-4A75-42B2-9DE3-BCAEDB26E62A}.Debug|Any CPU.ActiveCfg = Debug|Any CPU
		{BEE7F368-4A75-42B2-9DE3-BCAEDB26E62A}.Debug|Any CPU.Build.0 = Debug|Any CPU
		{BEE7F368-4A75-42B2-9DE3-BCAEDB26E62A}.Release|Any CPU.ActiveCfg = Release|Any CPU
		{BEE7F368-4A75-42B2-9DE3-BCAEDB26E62A}.Release|Any CPU.Build.0 = Release|Any CPU
	EndGlobalSection
	GlobalSection(SolutionProperties) = preSolution
		HideSolutionNode = FALSE
	EndGlobalSection
	GlobalSection(ExtensibilityGlobals) = postSolution
		SolutionGuid = {5852FD9B-D40C-4DEE-854F-BA36DD706023}
	EndGlobalSection
EndGlobal
