
Microsoft Visual Studio Solution File, Format Version 12.00
# Visual Studio Version 16
VisualStudioVersion = 16.0.29201.188
MinimumVisualStudioVersion = 10.0.40219.1
Project("{FAE04EC0-301F-11D3-BF4B-00C04F79EFBC}") = "Session17.StateManagement", "Session17.StateManagement\Session17.StateManagement.csproj", "{B8ADF2A5-2592-4599-AB53-8FD44146D36F}"
EndProject
Global
	GlobalSection(SolutionConfigurationPlatforms) = preSolution
		Debug|Any CPU = Debug|Any CPU
		Release|Any CPU = Release|Any CPU
	EndGlobalSection
	GlobalSection(ProjectConfigurationPlatforms) = postSolution
		{B8ADF2A5-2592-4599-AB53-8FD44146D36F}.Debug|Any CPU.ActiveCfg = Debug|Any CPU
		{B8ADF2A5-2592-4599-AB53-8FD44146D36F}.Debug|Any CPU.Build.0 = Debug|Any CPU
		{B8ADF2A5-2592-4599-AB53-8FD44146D36F}.Release|Any CPU.ActiveCfg = Release|Any CPU
		{B8ADF2A5-2592-4599-AB53-8FD44146D36F}.Release|Any CPU.Build.0 = Release|Any CPU
	EndGlobalSection
	GlobalSection(SolutionProperties) = preSolution
		HideSolutionNode = FALSE
	EndGlobalSection
	GlobalSection(ExtensibilityGlobals) = postSolution
		SolutionGuid = {4BD75F7B-6C56-4E49-AAF3-0AE796FF57FE}
	EndGlobalSection
EndGlobal
