
Microsoft Visual Studio Solution File, Format Version 12.00
# Visual Studio Version 16
VisualStudioVersion = 16.0.29102.190
MinimumVisualStudioVersion = 10.0.40219.1
Project("{FAE04EC0-301F-11D3-BF4B-00C04F79EFBC}") = "Session15.ViewAndHelpers", "Session15.ViewAndHelpers\Session15.ViewAndHelpers.csproj", "{F5CC4C42-DC2E-4BFC-892C-24EB3E7F3025}"
EndProject
Global
	GlobalSection(SolutionConfigurationPlatforms) = preSolution
		Debug|Any CPU = Debug|Any CPU
		Release|Any CPU = Release|Any CPU
	EndGlobalSection
	GlobalSection(ProjectConfigurationPlatforms) = postSolution
		{F5CC4C42-DC2E-4BFC-892C-24EB3E7F3025}.Debug|Any CPU.ActiveCfg = Debug|Any CPU
		{F5CC4C42-DC2E-4BFC-892C-24EB3E7F3025}.Debug|Any CPU.Build.0 = Debug|Any CPU
		{F5CC4C42-DC2E-4BFC-892C-24EB3E7F3025}.Release|Any CPU.ActiveCfg = Release|Any CPU
		{F5CC4C42-DC2E-4BFC-892C-24EB3E7F3025}.Release|Any CPU.Build.0 = Release|Any CPU
	EndGlobalSection
	GlobalSection(SolutionProperties) = preSolution
		HideSolutionNode = FALSE
	EndGlobalSection
	GlobalSection(ExtensibilityGlobals) = postSolution
		SolutionGuid = {FB21CC32-FBD0-48AD-9F3B-DE177609A770}
	EndGlobalSection
EndGlobal
