
Microsoft Visual Studio Solution File, Format Version 12.00
# Visual Studio Version 16
VisualStudioVersion = 16.0.29020.237
MinimumVisualStudioVersion = 10.0.40219.1
Project("{FAE04EC0-301F-11D3-BF4B-00C04F79EFBC}") = "Session14.Validations", "Session14.Validations\Session14.Validations.csproj", "{07900E56-80E8-432B-8162-4BA38FE09A8A}"
EndProject
Global
	GlobalSection(SolutionConfigurationPlatforms) = preSolution
		Debug|Any CPU = Debug|Any CPU
		Release|Any CPU = Release|Any CPU
	EndGlobalSection
	GlobalSection(ProjectConfigurationPlatforms) = postSolution
		{07900E56-80E8-432B-8162-4BA38FE09A8A}.Debug|Any CPU.ActiveCfg = Debug|Any CPU
		{07900E56-80E8-432B-8162-4BA38FE09A8A}.Debug|Any CPU.Build.0 = Debug|Any CPU
		{07900E56-80E8-432B-8162-4BA38FE09A8A}.Release|Any CPU.ActiveCfg = Release|Any CPU
		{07900E56-80E8-432B-8162-4BA38FE09A8A}.Release|Any CPU.Build.0 = Release|Any CPU
	EndGlobalSection
	GlobalSection(SolutionProperties) = preSolution
		HideSolutionNode = FALSE
	EndGlobalSection
	GlobalSection(ExtensibilityGlobals) = postSolution
		SolutionGuid = {B7210B92-C801-47FA-BDEB-C19EB8FB1C00}
	EndGlobalSection
EndGlobal
